{
  "name": "mockup-fidelity-diff",
  "version": "2.6.0",
  "lockfileVersion": 3,
  "requires": true,
  "packages": {
    "": {
      "name": "mockup-fidelity-diff",
      "version": "2.6.0",
      "dependencies": {
        "odiff-bin": "4.3.8"
      }
    },
    "node_modules/odiff-bin": {
      "version": "4.3.8",
      "resolved": "https://registry.npmjs.org/odiff-bin/-/odiff-bin-4.3.8.tgz",
      "integrity": "sha512-nEGbO932GgDZUT6KNI30wio+JaNhLHGbeXrDnYQF4UeSmroC55w8wRXqOAYqGJXk2xFK72RxxLnGofofwV+eDQ==",
      "hasInstallScript": true,
      "license": "MIT",
      "bin": {
        "odiff": "bin/odiff.exe"
      }
    }
  }
}
